
Microsoft Visual Studio Solution File, Format Version 12.00
# Visual Studio Version 16
VisualStudioVersion = 25.0.1706.2
MinimumVisualStudioVersion = 10.0.40219.1
Project("{FAE04EC0-301F-11D3-BF4B-00C04F79EFBC}") = "basic 1", "basic 1\basic 1.csproj", "{08FA79D0-F84E-4955-9FEB-A30B8A5FE10F}"
EndProject
Global
	GlobalSection(SolutionConfigurationPlatforms) = preSolution
		Debug|Any CPU = Debug|Any CPU
		Release|Any CPU = Release|Any CPU
	EndGlobalSection
	GlobalSection(ProjectConfigurationPlatforms) = postSolution
		{08FA79D0-F84E-4955-9FEB-A30B8A5FE10F}.Debug|Any CPU.ActiveCfg = Debug|Any CPU
		{08FA79D0-F84E-4955-9FEB-A30B8A5FE10F}.Debug|Any CPU.Build.0 = Debug|Any CPU
		{08FA79D0-F84E-4955-9FEB-A30B8A5FE10F}.Release|Any CPU.ActiveCfg = Release|Any CPU
		{08FA79D0-F84E-4955-9FEB-A30B8A5FE10F}.Release|Any CPU.Build.0 = Release|Any CPU
	EndGlobalSection
	GlobalSection(SolutionProperties) = preSolution
		HideSolutionNode = FALSE
	EndGlobalSection
	GlobalSection(ExtensibilityGlobals) = postSolution
		SolutionGuid = {A27DF3FA-9AC6-4EC7-B5A4-A6E431A7B9A4}
	EndGlobalSection
EndGlobal
